
Microsoft Visual Studio Solution File, Format Version 12.00
# Visual Studio 15
VisualStudioVersion = 15.0.26228.9
MinimumVisualStudioVersion = 10.0.40219.1
Project("{9A19103F-16F7-4668-BE54-9A1E7A4F7556}") = "ITLibrium.Hexagon.App", "ITLibrium.Hexagon.App\ITLibrium.Hexagon.App.csproj", "{1D18E5EA-2434-4E6F-B8D2-996D090BC28D}"
EndProject
Project("{9A19103F-16F7-4668-BE54-9A1E7A4F7556}") = "ITLibrium.Hexagon.App.Tests", "ITLibrium.Hexagon.App.Tests\ITLibrium.Hexagon.App.Tests.csproj", "{59B21A3E-1B41-490B-A8CF-521E8ACA78C5}"
EndProject
Global
	GlobalSection(SolutionConfigurationPlatforms) = preSolution
		Debug|Any CPU = Debug|Any CPU
		Release|Any CPU = Release|Any CPU
	EndGlobalSection
	GlobalSection(ProjectConfigurationPlatforms) = postSolution
		{1D18E5EA-2434-4E6F-B8D2-996D090BC28D}.Debug|Any CPU.ActiveCfg = Debug|Any CPU
		{1D18E5EA-2434-4E6F-B8D2-996D090BC28D}.Debug|Any CPU.Build.0 = Debug|Any CPU
		{1D18E5EA-2434-4E6F-B8D2-996D090BC28D}.Release|Any CPU.ActiveCfg = Release|Any CPU
		{1D18E5EA-2434-4E6F-B8D2-996D090BC28D}.Release|Any CPU.Build.0 = Release|Any CPU
		{59B21A3E-1B41-490B-A8CF-521E8ACA78C5}.Debug|Any CPU.ActiveCfg = Debug|Any CPU
		{59B21A3E-1B41-490B-A8CF-521E8ACA78C5}.Debug|Any CPU.Build.0 = Debug|Any CPU
		{59B21A3E-1B41-490B-A8CF-521E8ACA78C5}.Release|Any CPU.ActiveCfg = Release|Any CPU
		{59B21A3E-1B41-490B-A8CF-521E8ACA78C5}.Release|Any CPU.Build.0 = Release|Any CPU
		{2653AF46-699E-40B9-AD01-682D1948EF06}.Debug|Any CPU.ActiveCfg = Debug|Any CPU
		{2653AF46-699E-40B9-AD01-682D1948EF06}.Debug|Any CPU.Build.0 = Debug|Any CPU
		{2653AF46-699E-40B9-AD01-682D1948EF06}.Release|Any CPU.ActiveCfg = Release|Any CPU
		{2653AF46-699E-40B9-AD01-682D1948EF06}.Release|Any CPU.Build.0 = Release|Any CPU
		{7F208E8A-EC75-4CED-841B-A7AD30E0E55D}.Debug|Any CPU.ActiveCfg = Debug|Any CPU
		{7F208E8A-EC75-4CED-841B-A7AD30E0E55D}.Debug|Any CPU.Build.0 = Debug|Any CPU
		{7F208E8A-EC75-4CED-841B-A7AD30E0E55D}.Release|Any CPU.ActiveCfg = Release|Any CPU
		{7F208E8A-EC75-4CED-841B-A7AD30E0E55D}.Release|Any CPU.Build.0 = Release|Any CPU
	EndGlobalSection
	GlobalSection(SolutionProperties) = preSolution
		HideSolutionNode = FALSE
	EndGlobalSection
EndGlobal
